[[package]]
name = "maturin"
version = "0.12.9"
description = "Build and publish crates with pyo3, rust-cpython and cffi bindings as well as rust binaries as python packages"
category = "main"
optional = false
python-versions = ">=3.6"

[package.dependencies]
toml = ">=0.10.2,<0.11.0"

[package.extras]
zig = ["ziglang (>=0.9.0,<0.10.0)"]
patchelf = ["patchelf"]

[[package]]
name = "toml"
version = "0.10.2"
description = "Python Library for Tom's Obvious, Minimal Language"
category = "main"
optional = false
python-versions = ">=2.6, !=3.0.*, !=3.1.*, !=3.2.*"

[metadata]
lock-version = "1.1"
python-versions = "^3.10"
content-hash = "51e73c0ad5e730f793a14ca30b27de0a2e4b6a713342f8af8edd759bda4b6b23"

[metadata.files]
maturin = [
    {file = "maturin-0.12.9-py3-none-macosx_10_7_x86_64.whl", hash = "sha256:798d7616f8a546cd26d81bafd24c8b6eccfca3dda362ffb2f8d0b4495a09d1b7"},
    {file = "maturin-0.12.9-py3-none-macosx_10_9_x86_64.macosx_11_0_arm64.macosx_10_9_universal2.whl", hash = "sha256:d5d68ec1019fd4bb4d04486b8db1c9dbee1ac7cfcd070e78f09c62f24632a280"},
    {file = "maturin-0.12.9-py3-none-manylinux_2_12_i686.manylinux2010_i686.whl", hash = "sha256:2f4608f3d1375c840ddb24be3ce964a792a1333fcdabc3a0d071725635ebe025"},
    {file = "maturin-0.12.9-py3-none-manylinux_2_17_aarch64.manylinux2014_aarch64.whl", hash = "sha256:e9859385b538d515e3b16822564589a97810d6fb5aa4a987dba819d92de69a83"},
    {file = "maturin-0.12.9-py3-none-manylinux_2_17_armv7l.manylinux2014_armv7l.whl", hash = "sha256:386496c6b9af7c93ef704c1a8816a83ae2051e514c654b837975e44284595b36"},
    {file = "maturin-0.12.9-py3-none-manylinux_2_17_ppc64le.manylinux2014_ppc64le.whl", hash = "sha256:3db0e2c46febc0562d4d0780a80847213ca45ce3d19c26863245239ac16cbdcc"},
    {file = "maturin-0.12.9-py3-none-manylinux_2_17_s390x.manylinux2014_s390x.whl", hash = "sha256:ff5022c595348d2a2234838484a607feb10396d468edf1fdb34f4a1d993b316d"},
    {file = "maturin-0.12.9-py3-none-manylinux_2_5_x86_64.manylinux1_x86_64.whl", hash = "sha256:4d498f2d34a7061db4ae4595d793c4e3b8fba41e3686b0bb3b0922c777911194"},
    {file = "maturin-0.12.9-py3-none-musllinux_1_1_aarch64.whl", hash = "sha256:a2cea72cd1aa1c419d49a2546d162460a2731b7f72ff3ad60068463ea86dfec3"},
    {file = "maturin-0.12.9-py3-none-musllinux_1_1_armv7l.whl", hash = "sha256:de0fb98d67101a19fe4729961d4c095db72b2e2d726089636d538fb989930756"},
    {file = "maturin-0.12.9-py3-none-musllinux_1_1_i686.whl", hash = "sha256:5563045203c9e856788c457fada635edbee35950255b507631ed6f11484e9eb0"},
    {file = "maturin-0.12.9-py3-none-musllinux_1_1_ppc64le.whl", hash = "sha256:7c94e9af18e8252412427a28ecbe6aa1fab07cc9719ac633c955254ba4984052"},
    {file = "maturin-0.12.9-py3-none-musllinux_1_1_x86_64.whl", hash = "sha256:3cf28c95c1226544c3e097614b9c5f60386ba34da66f6df5fb93a1e25e210948"},
    {file = "maturin-0.12.9-py3-none-win32.whl", hash = "sha256:469e19c7963514628d34e27e39899cbc0cdff0255d13820fdc82033634313778"},
    {file = "maturin-0.12.9-py3-none-win_amd64.whl", hash = "sha256:a393ce084f10dad9496a6f63e802a7672e333e29dde10fb9415e52cf9af7967d"},
    {file = "maturin-0.12.9-py3-none-win_arm64.whl", hash = "sha256:338ca1873bb383cd701299cf1c6adc418fed4b9c024a427b9ca20a9f234cf243"},
    {file = "maturin-0.12.9.tar.gz", hash = "sha256:56e7a6a5c313c71c67fe6a4c12f85e6a16af76d1732c49ee2706166eff17a494"},
]
toml = [
    {file = "toml-0.10.2-py2.py3-none-any.whl", hash = "sha256:806143ae5bfb6a3c6e736a764057db0e6a0e05e338b5630894a5f779cabb4f9b"},
    {file = "toml-0.10.2.tar.gz", hash = "sha256:b3bda1d108d5dd99f4a20d24d9c348e91c4db7ab1b749200bded2f839ccbe68f"},
]
